Microsoft Visual Studio Solution File, Format Version 12.00
# Visual Studio Version 16
VisualStudioVersion = 16.0.30114.105
MinimumVisualStudioVersion = 10.0.40219.1
Project("{9A19103F-16F7-4668-BE54-9A1E7A4F7556}") = "TeacherWorkout.Api", "TeacherWorkout.Api\TeacherWorkout.Api.csproj", "{BC0C6D6D-528A-4B18-BD3E-4FC863F9E3E7}"
EndProject
Project("{9A19103F-16F7-4668-BE54-9A1E7A4F7556}") = "TeacherWorkout.Domain", "TeacherWorkout.Domain\TeacherWorkout.Domain.csproj", "{C2422D1F-DC17-4246-9B4C-9833B61BEE2F}"
EndProject
Project("{9A19103F-16F7-4668-BE54-9A1E7A4F7556}") = "TeacherWorkout.Data", "TeacherWorkout.Data\TeacherWorkout.Data.csproj", "{C4441C07-C318-4077-B917-1516D3926D5A}"
EndProject
Project("{9A19103F-16F7-4668-BE54-9A1E7A4F7556}") = "TeacherWorkout.Specs", "TeacherWorkout.Specs\TeacherWorkout.Specs.csproj", "{5390BAF3-9620-4E85-B5FC-23DC96FA915B}"
EndProject
Project("{9A19103F-16F7-4668-BE54-9A1E7A4F7556}") = "TeacherWorkout.Migrator", "TeacherWorkout.Migrator\TeacherWorkout.Migrator.csproj", "{DC5D2432-EF32-4268-8434-63D5BCA4E526}"
EndProject
Project("{9A19103F-16F7-4668-BE54-9A1E7A4F7556}") = "TeacherWorkout.Identity", "TeacherWorkout.Identity\TeacherWorkout.Identity.csproj", "{8F80AA74-F64D-4C69-AABD-A5D4D9FD214A}"
EndProject
Project("{9A19103F-16F7-4668-BE54-9A1E7A4F7556}") = "TeacherWorkout.Identity.Api", "TeacherWorkout.Identity.Api\TeacherWorkout.Identity.Api.csproj", "{715E7B70-942E-418C-AAD8-CFFD10C1EC5B}"
EndProject
Project("{FAE04EC0-301F-11D3-BF4B-00C04F79EFBC}") = "TeacherWorkout.Common", "TeacherWorkout.Common\TeacherWorkout.Common.csproj", "{19C6734C-36BF-40F3-856D-1C0432CCD5E8}"
EndProject
Global
	GlobalSection(SolutionConfigurationPlatforms) = preSolution
		Debug|Any CPU = Debug|Any CPU
		Debug|x64 = Debug|x64
		Debug|x86 = Debug|x86
		Release|Any CPU = Release|Any CPU
		Release|x64 = Release|x64
		Release|x86 = Release|x86
	EndGlobalSection
	GlobalSection(ProjectConfigurationPlatforms) = postSolution
		{BC0C6D6D-528A-4B18-BD3E-4FC863F9E3E7}.Debug|Any CPU.ActiveCfg = Debug|Any CPU
		{BC0C6D6D-528A-4B18-BD3E-4FC863F9E3E7}.Debug|Any CPU.Build.0 = Debug|Any CPU
		{BC0C6D6D-528A-4B18-BD3E-4FC863F9E3E7}.Debug|x64.ActiveCfg = Debug|Any CPU
		{BC0C6D6D-528A-4B18-BD3E-4FC863F9E3E7}.Debug|x64.Build.0 = Debug|Any CPU
		{BC0C6D6D-528A-4B18-BD3E-4FC863F9E3E7}.Debug|x86.ActiveCfg = Debug|Any CPU
		{BC0C6D6D-528A-4B18-BD3E-4FC863F9E3E7}.Debug|x86.Build.0 = Debug|Any CPU
		{BC0C6D6D-528A-4B18-BD3E-4FC863F9E3E7}.Release|Any CPU.ActiveCfg = Release|Any CPU
		{BC0C6D6D-528A-4B18-BD3E-4FC863F9E3E7}.Release|Any CPU.Build.0 = Release|Any CPU
		{BC0C6D6D-528A-4B18-BD3E-4FC863F9E3E7}.Release|x64.ActiveCfg = Release|Any CPU
		{BC0C6D6D-528A-4B18-BD3E-4FC863F9E3E7}.Release|x64.Build.0 = Release|Any CPU
		{BC0C6D6D-528A-4B18-BD3E-4FC863F9E3E7}.Release|x86.ActiveCfg = Release|Any CPU
		{BC0C6D6D-528A-4B18-BD3E-4FC863F9E3E7}.Release|x86.Build.0 = Release|Any CPU
		{C2422D1F-DC17-4246-9B4C-9833B61BEE2F}.Debug|Any CPU.ActiveCfg = Debug|Any CPU
		{C2422D1F-DC17-4246-9B4C-9833B61BEE2F}.Debug|Any CPU.Build.0 = Debug|Any CPU
		{C2422D1F-DC17-4246-9B4C-9833B61BEE2F}.Debug|x64.ActiveCfg = Debug|Any CPU
		{C2422D1F-DC17-4246-9B4C-9833B61BEE2F}.Debug|x64.Build.0 = Debug|Any CPU
		{C2422D1F-DC17-4246-9B4C-9833B61BEE2F}.Debug|x86.ActiveCfg = Debug|Any CPU
		{C2422D1F-DC17-4246-9B4C-9833B61BEE2F}.Debug|x86.Build.0 = Debug|Any CPU
		{C2422D1F-DC17-4246-9B4C-9833B61BEE2F}.Release|Any CPU.ActiveCfg = Release|Any CPU
		{C2422D1F-DC17-4246-9B4C-9833B61BEE2F}.Release|Any CPU.Build.0 = Release|Any CPU
		{C2422D1F-DC17-4246-9B4C-9833B61BEE2F}.Release|x64.ActiveCfg = Release|Any CPU
		{C2422D1F-DC17-4246-9B4C-9833B61BEE2F}.Release|x64.Build.0 = Release|Any CPU
		{C2422D1F-DC17-4246-9B4C-9833B61BEE2F}.Release|x86.ActiveCfg = Release|Any CPU
		{C2422D1F-DC17-4246-9B4C-9833B61BEE2F}.Release|x86.Build.0 = Release|Any CPU
		{C4441C07-C318-4077-B917-1516D3926D5A}.Debug|Any CPU.ActiveCfg = Debug|Any CPU
		{C4441C07-C318-4077-B917-1516D3926D5A}.Debug|Any CPU.Build.0 = Debug|Any CPU
		{C4441C07-C318-4077-B917-1516D3926D5A}.Debug|x64.ActiveCfg = Debug|Any CPU
		{C4441C07-C318-4077-B917-1516D3926D5A}.Debug|x64.Build.0 = Debug|Any CPU
		{C4441C07-C318-4077-B917-1516D3926D5A}.Debug|x86.ActiveCfg = Debug|Any CPU
		{C4441C07-C318-4077-B917-1516D3926D5A}.Debug|x86.Build.0 = Debug|Any CPU
		{C4441C07-C318-4077-B917-1516D3926D5A}.Release|Any CPU.ActiveCfg = Release|Any CPU
		{C4441C07-C318-4077-B917-1516D3926D5A}.Release|Any CPU.Build.0 = Release|Any CPU
		{C4441C07-C318-4077-B917-1516D3926D5A}.Release|x64.ActiveCfg = Release|Any CPU
		{C4441C07-C318-4077-B917-1516D3926D5A}.Release|x64.Build.0 = Release|Any CPU
		{C4441C07-C318-4077-B917-1516D3926D5A}.Release|x86.ActiveCfg = Release|Any CPU
		{C4441C07-C318-4077-B917-1516D3926D5A}.Release|x86.Build.0 = Release|Any CPU
		{5390BAF3-9620-4E85-B5FC-23DC96FA915B}.Debug|Any CPU.ActiveCfg = Debug|Any CPU
		{5390BAF3-9620-4E85-B5FC-23DC96FA915B}.Debug|Any CPU.Build.0 = Debug|Any CPU
		{5390BAF3-9620-4E85-B5FC-23DC96FA915B}.Debug|x64.ActiveCfg = Debug|Any CPU
		{5390BAF3-9620-4E85-B5FC-23DC96FA915B}.Debug|x64.Build.0 = Debug|Any CPU
		{5390BAF3-9620-4E85-B5FC-23DC96FA915B}.Debug|x86.ActiveCfg = Debug|Any CPU
		{5390BAF3-9620-4E85-B5FC-23DC96FA915B}.Debug|x86.Build.0 = Debug|Any CPU
		{5390BAF3-9620-4E85-B5FC-23DC96FA915B}.Release|Any CPU.ActiveCfg = Release|Any CPU
		{5390BAF3-9620-4E85-B5FC-23DC96FA915B}.Release|Any CPU.Build.0 = Release|Any CPU
		{5390BAF3-9620-4E85-B5FC-23DC96FA915B}.Release|x64.ActiveCfg = Release|Any CPU
		{5390BAF3-9620-4E85-B5FC-23DC96FA915B}.Release|x64.Build.0 = Release|Any CPU
		{5390BAF3-9620-4E85-B5FC-23DC96FA915B}.Release|x86.ActiveCfg = Release|Any CPU
		{5390BAF3-9620-4E85-B5FC-23DC96FA915B}.Release|x86.Build.0 = Release|Any CPU
		{DC5D2432-EF32-4268-8434-63D5BCA4E526}.Debug|Any CPU.ActiveCfg = Debug|Any CPU
		{DC5D2432-EF32-4268-8434-63D5BCA4E526}.Debug|Any CPU.Build.0 = Debug|Any CPU
		{DC5D2432-EF32-4268-8434-63D5BCA4E526}.Debug|x64.ActiveCfg = Debug|Any CPU
		{DC5D2432-EF32-4268-8434-63D5BCA4E526}.Debug|x64.Build.0 = Debug|Any CPU
		{DC5D2432-EF32-4268-8434-63D5BCA4E526}.Debug|x86.ActiveCfg = Debug|Any CPU
		{DC5D2432-EF32-4268-8434-63D5BCA4E526}.Debug|x86.Build.0 = Debug|Any CPU
		{DC5D2432-EF32-4268-8434-63D5BCA4E526}.Release|Any CPU.ActiveCfg = Release|Any CPU
		{DC5D2432-EF32-4268-8434-63D5BCA4E526}.Release|Any CPU.Build.0 = Release|Any CPU
		{DC5D2432-EF32-4268-8434-63D5BCA4E526}.Release|x64.ActiveCfg = Release|Any CPU
		{DC5D2432-EF32-4268-8434-63D5BCA4E526}.Release|x64.Build.0 = Release|Any CPU
		{DC5D2432-EF32-4268-8434-63D5BCA4E526}.Release|x86.ActiveCfg = Release|Any CPU
		{DC5D2432-EF32-4268-8434-63D5BCA4E526}.Release|x86.Build.0 = Release|Any CPU
		{8F80AA74-F64D-4C69-AABD-A5D4D9FD214A}.Debug|Any CPU.ActiveCfg = Debug|Any CPU
		{8F80AA74-F64D-4C69-AABD-A5D4D9FD214A}.Debug|Any CPU.Build.0 = Debug|Any CPU
		{8F80AA74-F64D-4C69-AABD-A5D4D9FD214A}.Debug|x64.ActiveCfg = Debug|Any CPU
		{8F80AA74-F64D-4C69-AABD-A5D4D9FD214A}.Debug|x64.Build.0 = Debug|Any CPU
		{8F80AA74-F64D-4C69-AABD-A5D4D9FD214A}.Debug|x86.ActiveCfg = Debug|Any CPU
		{8F80AA74-F64D-4C69-AABD-A5D4D9FD214A}.Debug|x86.Build.0 = Debug|Any CPU
		{8F80AA74-F64D-4C69-AABD-A5D4D9FD214A}.Release|Any CPU.ActiveCfg = Release|Any CPU
		{8F80AA74-F64D-4C69-AABD-A5D4D9FD214A}.Release|Any CPU.Build.0 = Release|Any CPU
		{8F80AA74-F64D-4C69-AABD-A5D4D9FD214A}.Release|x64.ActiveCfg = Release|Any CPU
		{8F80AA74-F64D-4C69-AABD-A5D4D9FD214A}.Release|x64.Build.0 = Release|Any CPU
		{8F80AA74-F64D-4C69-AABD-A5D4D9FD214A}.Release|x86.ActiveCfg = Release|Any CPU
		{8F80AA74-F64D-4C69-AABD-A5D4D9FD214A}.Release|x86.Build.0 = Release|Any CPU
		{715E7B70-942E-418C-AAD8-CFFD10C1EC5B}.Debug|Any CPU.ActiveCfg = Debug|Any CPU
		{715E7B70-942E-418C-AAD8-CFFD10C1EC5B}.Debug|Any CPU.Build.0 = Debug|Any CPU
		{715E7B70-942E-418C-AAD8-CFFD10C1EC5B}.Debug|x64.ActiveCfg = Debug|Any CPU
		{715E7B70-942E-418C-AAD8-CFFD10C1EC5B}.Debug|x64.Build.0 = Debug|Any CPU
		{715E7B70-942E-418C-AAD8-CFFD10C1EC5B}.Debug|x86.ActiveCfg = Debug|Any CPU
		{715E7B70-942E-418C-AAD8-CFFD10C1EC5B}.Debug|x86.Build.0 = Debug|Any CPU
		{715E7B70-942E-418C-AAD8-CFFD10C1EC5B}.Release|Any CPU.ActiveCfg = Release|Any CPU
		{715E7B70-942E-418C-AAD8-CFFD10C1EC5B}.Release|Any CPU.Build.0 = Release|Any CPU
		{715E7B70-942E-418C-AAD8-CFFD10C1EC5B}.Release|x64.ActiveCfg = Release|Any CPU
		{715E7B70-942E-418C-AAD8-CFFD10C1EC5B}.Release|x64.Build.0 = Release|Any CPU
		{715E7B70-942E-418C-AAD8-CFFD10C1EC5B}.Release|x86.ActiveCfg = Release|Any CPU
		{715E7B70-942E-418C-AAD8-CFFD10C1EC5B}.Release|x86.Build.0 = Release|Any CPU
		{19C6734C-36BF-40F3-856D-1C0432CCD5E8}.Debug|Any CPU.ActiveCfg = Debug|Any CPU
		{19C6734C-36BF-40F3-856D-1C0432CCD5E8}.Debug|Any CPU.Build.0 = Debug|Any CPU
		{19C6734C-36BF-40F3-856D-1C0432CCD5E8}.Debug|x64.ActiveCfg = Debug|Any CPU
		{19C6734C-36BF-40F3-856D-1C0432CCD5E8}.Debug|x64.Build.0 = Debug|Any CPU
		{19C6734C-36BF-40F3-856D-1C0432CCD5E8}.Debug|x86.ActiveCfg = Debug|Any CPU
		{19C6734C-36BF-40F3-856D-1C0432CCD5E8}.Debug|x86.Build.0 = Debug|Any CPU
		{19C6734C-36BF-40F3-856D-1C0432CCD5E8}.Release|Any CPU.ActiveCfg = Release|Any CPU
		{19C6734C-36BF-40F3-856D-1C0432CCD5E8}.Release|Any CPU.Build.0 = Release|Any CPU
		{19C6734C-36BF-40F3-856D-1C0432CCD5E8}.Release|x64.ActiveCfg = Release|Any CPU
		{19C6734C-36BF-40F3-856D-1C0432CCD5E8}.Release|x64.Build.0 = Release|Any CPU
		{19C6734C-36BF-40F3-856D-1C0432CCD5E8}.Release|x86.ActiveCfg = Release|Any CPU
		{19C6734C-36BF-40F3-856D-1C0432CCD5E8}.Release|x86.Build.0 = Release|Any CPU
	EndGlobalSection
	GlobalSection(SolutionProperties) = preSolution
		HideSolutionNode = FALSE
	EndGlobalSection
	GlobalSection(ExtensibilityGlobals) = postSolution
		SolutionGuid = {1C59AEBD-915E-4CC5-8548-87D199CB0B51}
	EndGlobalSection
EndGlobal
