
Microsoft Visual Studio Solution File, Format Version 12.00
# Visual Studio Version 16
VisualStudioVersion = 16.0.30114.105
MinimumVisualStudioVersion = 10.0.40219.1
Project("{FAE04EC0-301F-11D3-BF4B-00C04F79EFBC}") = "TeacherWorkout.Api", "TeacherWorkout.Api\TeacherWorkout.Api.csproj", "{BC0C6D6D-528A-4B18-BD3E-4FC863F9E3E7}"
EndProject
Project("{FAE04EC0-301F-11D3-BF4B-00C04F79EFBC}") = "TeacherWorkout.Domain", "TeacherWorkout.Domain\TeacherWorkout.Domain.csproj", "{C2422D1F-DC17-4246-9B4C-9833B61BEE2F}"
EndProject
Project("{FAE04EC0-301F-11D3-BF4B-00C04F79EFBC}") = "TeacherWorkout.MockData", "TeacherWorkout.MockData\TeacherWorkout.MockData.csproj", "{67E283EA-BAD4-45E0-9AAE-D25C78650E29}"
EndProject
Project("{FAE04EC0-301F-11D3-BF4B-00C04F79EFBC}") = "TeacherWorkout.Data", "TeacherWorkout.Data\TeacherWorkout.Data.csproj", "{C4441C07-C318-4077-B917-1516D3926D5A}"
EndProject
Project("{FAE04EC0-301F-11D3-BF4B-00C04F79EFBC}") = "TeacherWorkout.Specs", "TeacherWorkout.Specs\TeacherWorkout.Specs.csproj", "{5390BAF3-9620-4E85-B5FC-23DC96FA915B}"
EndProject
Global
	GlobalSection(SolutionConfigurationPlatforms) = preSolution
		Debug|Any CPU = Debug|Any CPU
		Debug|x64 = Debug|x64
		Debug|x86 = Debug|x86
		Release|Any CPU = Release|Any CPU
		Release|x64 = Release|x64
		Release|x86 = Release|x86
	EndGlobalSection
	GlobalSection(SolutionProperties) = preSolution
		HideSolutionNode = FALSE
	EndGlobalSection
	GlobalSection(ProjectConfigurationPlatforms) = postSolution
		{BC0C6D6D-528A-4B18-BD3E-4FC863F9E3E7}.Debug|Any CPU.ActiveCfg = Debug|Any CPU
		{BC0C6D6D-528A-4B18-BD3E-4FC863F9E3E7}.Debug|Any CPU.Build.0 = Debug|Any CPU
		{BC0C6D6D-528A-4B18-BD3E-4FC863F9E3E7}.Debug|x64.ActiveCfg = Debug|Any CPU
		{BC0C6D6D-528A-4B18-BD3E-4FC863F9E3E7}.Debug|x64.Build.0 = Debug|Any CPU
		{BC0C6D6D-528A-4B18-BD3E-4FC863F9E3E7}.Debug|x86.ActiveCfg = Debug|Any CPU
		{BC0C6D6D-528A-4B18-BD3E-4FC863F9E3E7}.Debug|x86.Build.0 = Debug|Any CPU
		{BC0C6D6D-528A-4B18-BD3E-4FC863F9E3E7}.Release|Any CPU.ActiveCfg = Release|Any CPU
		{BC0C6D6D-528A-4B18-BD3E-4FC863F9E3E7}.Release|Any CPU.Build.0 = Release|Any CPU
		{BC0C6D6D-528A-4B18-BD3E-4FC863F9E3E7}.Release|x64.ActiveCfg = Release|Any CPU
		{BC0C6D6D-528A-4B18-BD3E-4FC863F9E3E7}.Release|x64.Build.0 = Release|Any CPU
		{BC0C6D6D-528A-4B18-BD3E-4FC863F9E3E7}.Release|x86.ActiveCfg = Release|Any CPU
		{BC0C6D6D-528A-4B18-BD3E-4FC863F9E3E7}.Release|x86.Build.0 = Release|Any CPU
		{C2422D1F-DC17-4246-9B4C-9833B61BEE2F}.Debug|Any CPU.ActiveCfg = Debug|Any CPU
		{C2422D1F-DC17-4246-9B4C-9833B61BEE2F}.Debug|Any CPU.Build.0 = Debug|Any CPU
		{C2422D1F-DC17-4246-9B4C-9833B61BEE2F}.Debug|x64.ActiveCfg = Debug|Any CPU
		{C2422D1F-DC17-4246-9B4C-9833B61BEE2F}.Debug|x64.Build.0 = Debug|Any CPU
		{C2422D1F-DC17-4246-9B4C-9833B61BEE2F}.Debug|x86.ActiveCfg = Debug|Any CPU
		{C2422D1F-DC17-4246-9B4C-9833B61BEE2F}.Debug|x86.Build.0 = Debug|Any CPU
		{C2422D1F-DC17-4246-9B4C-9833B61BEE2F}.Release|Any CPU.ActiveCfg = Release|Any CPU
		{C2422D1F-DC17-4246-9B4C-9833B61BEE2F}.Release|Any CPU.Build.0 = Release|Any CPU
		{C2422D1F-DC17-4246-9B4C-9833B61BEE2F}.Release|x64.ActiveCfg = Release|Any CPU
		{C2422D1F-DC17-4246-9B4C-9833B61BEE2F}.Release|x64.Build.0 = Release|Any CPU
		{C2422D1F-DC17-4246-9B4C-9833B61BEE2F}.Release|x86.ActiveCfg = Release|Any CPU
		{C2422D1F-DC17-4246-9B4C-9833B61BEE2F}.Release|x86.Build.0 = Release|Any CPU
		{67E283EA-BAD4-45E0-9AAE-D25C78650E29}.Debug|Any CPU.ActiveCfg = Debug|Any CPU
		{67E283EA-BAD4-45E0-9AAE-D25C78650E29}.Debug|Any CPU.Build.0 = Debug|Any CPU
		{67E283EA-BAD4-45E0-9AAE-D25C78650E29}.Debug|x64.ActiveCfg = Debug|Any CPU
		{67E283EA-BAD4-45E0-9AAE-D25C78650E29}.Debug|x64.Build.0 = Debug|Any CPU
		{67E283EA-BAD4-45E0-9AAE-D25C78650E29}.Debug|x86.ActiveCfg = Debug|Any CPU
		{67E283EA-BAD4-45E0-9AAE-D25C78650E29}.Debug|x86.Build.0 = Debug|Any CPU
		{67E283EA-BAD4-45E0-9AAE-D25C78650E29}.Release|Any CPU.ActiveCfg = Release|Any CPU
		{67E283EA-BAD4-45E0-9AAE-D25C78650E29}.Release|Any CPU.Build.0 = Release|Any CPU
		{67E283EA-BAD4-45E0-9AAE-D25C78650E29}.Release|x64.ActiveCfg = Release|Any CPU
		{67E283EA-BAD4-45E0-9AAE-D25C78650E29}.Release|x64.Build.0 = Release|Any CPU
		{67E283EA-BAD4-45E0-9AAE-D25C78650E29}.Release|x86.ActiveCfg = Release|Any CPU
		{67E283EA-BAD4-45E0-9AAE-D25C78650E29}.Release|x86.Build.0 = Release|Any CPU
		{C4441C07-C318-4077-B917-1516D3926D5A}.Debug|Any CPU.ActiveCfg = Debug|Any CPU
		{C4441C07-C318-4077-B917-1516D3926D5A}.Debug|Any CPU.Build.0 = Debug|Any CPU
		{C4441C07-C318-4077-B917-1516D3926D5A}.Debug|x64.ActiveCfg = Debug|Any CPU
		{C4441C07-C318-4077-B917-1516D3926D5A}.Debug|x64.Build.0 = Debug|Any CPU
		{C4441C07-C318-4077-B917-1516D3926D5A}.Debug|x86.ActiveCfg = Debug|Any CPU
		{C4441C07-C318-4077-B917-1516D3926D5A}.Debug|x86.Build.0 = Debug|Any CPU
		{C4441C07-C318-4077-B917-1516D3926D5A}.Release|Any CPU.ActiveCfg = Release|Any CPU
		{C4441C07-C318-4077-B917-1516D3926D5A}.Release|Any CPU.Build.0 = Release|Any CPU
		{C4441C07-C318-4077-B917-1516D3926D5A}.Release|x64.ActiveCfg = Release|Any CPU
		{C4441C07-C318-4077-B917-1516D3926D5A}.Release|x64.Build.0 = Release|Any CPU
		{C4441C07-C318-4077-B917-1516D3926D5A}.Release|x86.ActiveCfg = Release|Any CPU
		{C4441C07-C318-4077-B917-1516D3926D5A}.Release|x86.Build.0 = Release|Any CPU
		{5390BAF3-9620-4E85-B5FC-23DC96FA915B}.Debug|Any CPU.ActiveCfg = Debug|Any CPU
		{5390BAF3-9620-4E85-B5FC-23DC96FA915B}.Debug|Any CPU.Build.0 = Debug|Any CPU
		{5390BAF3-9620-4E85-B5FC-23DC96FA915B}.Debug|x64.ActiveCfg = Debug|Any CPU
		{5390BAF3-9620-4E85-B5FC-23DC96FA915B}.Debug|x64.Build.0 = Debug|Any CPU
		{5390BAF3-9620-4E85-B5FC-23DC96FA915B}.Debug|x86.ActiveCfg = Debug|Any CPU
		{5390BAF3-9620-4E85-B5FC-23DC96FA915B}.Debug|x86.Build.0 = Debug|Any CPU
		{5390BAF3-9620-4E85-B5FC-23DC96FA915B}.Release|Any CPU.ActiveCfg = Release|Any CPU
		{5390BAF3-9620-4E85-B5FC-23DC96FA915B}.Release|Any CPU.Build.0 = Release|Any CPU
		{5390BAF3-9620-4E85-B5FC-23DC96FA915B}.Release|x64.ActiveCfg = Release|Any CPU
		{5390BAF3-9620-4E85-B5FC-23DC96FA915B}.Release|x64.Build.0 = Release|Any CPU
		{5390BAF3-9620-4E85-B5FC-23DC96FA915B}.Release|x86.ActiveCfg = Release|Any CPU
		{5390BAF3-9620-4E85-B5FC-23DC96FA915B}.Release|x86.Build.0 = Release|Any CPU
	EndGlobalSection
EndGlobal
